<?xml version="1.0" encoding="utf-8"?>
<Project ToolsVersion="4.0" xmlns="http://schemas.microsoft.com/developer/msbuild/2003">
  <ItemGroup>
    <Filter Include="Header Files">
      <UniqueIdentifier>{1001397c-78bd-45f8-90d8-ca1bd84a4a19}</UniqueIdentifier>
    </Filter>
    <Filter Include="Interface Files">
      <UniqueIdentifier>{4a33b851-61aa-45f7-820b-d92ebfd9bf9b}</UniqueIdentifier>
    </Filter>
    <Filter Include="Source Files">
      <UniqueIdentifier>{dbbe75fd-d0dc-46a0-9e2b-248a58bd112a}</UniqueIdentifier>
    </Filter>
  </ItemGroup>
  <ItemGroup>
    <ClCompile Include="Source\CGEKComponentTransform.cpp">
      <Filter>Source Files</Filter>
    </ClCompile>
    <ClCompile Include="Source\CGEKComponentNewton.cpp">
      <Filter>Source Files</Filter>
    </ClCompile>
    <ClCompile Include="Source\CGEKComponentModel.cpp">
      <Filter>Source Files</Filter>
    </ClCompile>
    <ClCompile Include="Source\CGEKComponentViewer.cpp">
      <Filter>Source Files</Filter>
    </ClCompile>
    <ClCompile Include="Source\CGEKComponentLight.cpp">
      <Filter>Source Files</Filter>
    </ClCompile>
    <ClCompile Include="Source\CGEKComponentLogic.cpp">
      <Filter>Source Files</Filter>
    </ClCompile>
    <ClCompile Include="entrypoints.cpp" />
  </ItemGroup>
  <ItemGroup>
    <ClInclude Include="GEKComponents.h" />
    <ClInclude Include="GEKComponentsCLSIDs.h" />
    <ClInclude Include="Include\CGEKComponentTransform.h">
      <Filter>Header Files</Filter>
    </ClInclude>
    <ClInclude Include="Include\CGEKComponentNewton.h">
      <Filter>Header Files</Filter>
    </ClInclude>
    <ClInclude Include="Include\CGEKComponent.h">
      <Filter>Header Files</Filter>
    </ClInclude>
    <ClInclude Include="Include\CGEKComponentModel.h">
      <Filter>Header Files</Filter>
    </ClInclude>
    <ClInclude Include="Include\CGEKComponentViewer.h">
      <Filter>Header Files</Filter>
    </ClInclude>
    <ClInclude Include="Include\CGEKComponentLight.h">
      <Filter>Header Files</Filter>
    </ClInclude>
    <ClInclude Include="..\..\api\GEKAPI.h">
      <Filter>Interface Files</Filter>
    </ClInclude>
    <ClInclude Include="..\..\api\GEKAPICLSIDs.h">
      <Filter>Interface Files</Filter>
    </ClInclude>
    <ClInclude Include="..\..\api\IGEKComponent.h">
      <Filter>Interface Files</Filter>
    </ClInclude>
    <ClInclude Include="..\..\api\IGEKComponentSystem.h">
      <Filter>Interface Files</Filter>
    </ClInclude>
    <ClInclude Include="..\..\api\IGEKEntity.h">
      <Filter>Interface Files</Filter>
    </ClInclude>
    <ClInclude Include="..\..\api\IGEKMaterialManager.h">
      <Filter>Interface Files</Filter>
    </ClInclude>
    <ClInclude Include="..\..\api\IGEKModel.h">
      <Filter>Interface Files</Filter>
    </ClInclude>
    <ClInclude Include="..\..\api\IGEKModelManager.h">
      <Filter>Interface Files</Filter>
    </ClInclude>
    <ClInclude Include="..\..\api\IGEKProgramManager.h">
      <Filter>Interface Files</Filter>
    </ClInclude>
    <ClInclude Include="..\..\api\IGEKSceneManager.h">
      <Filter>Interface Files</Filter>
    </ClInclude>
    <ClInclude Include="..\..\api\IGEKViewManager.h">
      <Filter>Interface Files</Filter>
    </ClInclude>
    <ClInclude Include="..\..\api\GEKVALUE.h">
      <Filter>Interface Files</Filter>
    </ClInclude>
    <ClInclude Include="..\..\api\IGEKFactory.h">
      <Filter>Interface Files</Filter>
    </ClInclude>
    <ClInclude Include="Include\CGEKComponentLogic.h">
      <Filter>Header Files</Filter>
    </ClInclude>
    <ClInclude Include="..\..\api\IGEKResource.h">
      <Filter>Interface Files</Filter>
    </ClInclude>
    <ClInclude Include="..\..\api\IGEKLogic.h">
      <Filter>Interface Files</Filter>
    </ClInclude>
  </ItemGroup>
  <ItemGroup>
    <ResourceCompile Include="..\..\solution\gekengine.rc" />
  </ItemGroup>
</Project>