<?xml version="1.0" encoding="utf-8"?>
<Project ToolsVersion="4.0" xmlns="http://schemas.microsoft.com/developer/msbuild/2003">
  <ItemGroup>
    <ClCompile Include="entrypoints.cpp" />
    <ClCompile Include="Source\CGEKEngine.cpp">
      <Filter>Source Files</Filter>
    </ClCompile>
    <ClCompile Include="Source\CGEKRenderManager.cpp">
      <Filter>Source Files</Filter>
    </ClCompile>
    <ClCompile Include="Source\CGEKEntity.cpp">
      <Filter>Source Files</Filter>
    </ClCompile>
    <ClCompile Include="Source\CGEKRenderFilter.cpp">
      <Filter>Source Files</Filter>
    </ClCompile>
    <ClCompile Include="Source\CGEKPopulationManager.cpp">
      <Filter>Source Files</Filter>
    </ClCompile>
    <ClCompile Include="Source\CGEKProperties.cpp">
      <Filter>Source Files</Filter>
    </ClCompile>
    <ClCompile Include="Source\CGEKResourceManager.cpp">
      <Filter>Source Files</Filter>
    </ClCompile>
  </ItemGroup>
  <ItemGroup>
    <ClInclude Include="GEKEngine.h" />
    <ClInclude Include="GEKEngineCLSIDs.h" />
    <ClInclude Include="Include\CGEKEngine.h">
      <Filter>Header Files</Filter>
    </ClInclude>
    <ClInclude Include="Include\CGEKRenderManager.h">
      <Filter>Header Files</Filter>
    </ClInclude>
    <ClInclude Include="Include\CGEKEntity.h">
      <Filter>Header Files</Filter>
    </ClInclude>
    <ClInclude Include="Public\IGEKGameApplication.h">
      <Filter>Interface Files</Filter>
    </ClInclude>
    <ClInclude Include="Public\IGEKRenderManager.h">
      <Filter>Interface Files</Filter>
    </ClInclude>
    <ClInclude Include="Public\IGEKRenderFilter.h">
      <Filter>Interface Files</Filter>
    </ClInclude>
    <ClInclude Include="Include\CGEKRenderFilter.h">
      <Filter>Header Files</Filter>
    </ClInclude>
    <ClInclude Include="Include\CGEKPopulationManager.h">
      <Filter>Header Files</Filter>
    </ClInclude>
    <ClInclude Include="Public\IGEKPopulationManager.h">
      <Filter>Interface Files</Filter>
    </ClInclude>
    <ClInclude Include="Public\IGEKEngine.h">
      <Filter>Interface Files</Filter>
    </ClInclude>
    <ClInclude Include="Include\CGEKProperties.h">
      <Filter>Header Files</Filter>
    </ClInclude>
    <ClInclude Include="Include\CGEKResourceManager.h">
      <Filter>Header Files</Filter>
    </ClInclude>
  </ItemGroup>
  <ItemGroup>
    <ResourceCompile Include="..\..\solution\gekengine.rc" />
  </ItemGroup>
  <ItemGroup>
    <Filter Include="Source Files">
      <UniqueIdentifier>{71b0140f-1839-4f39-a96d-31b67a9529db}</UniqueIdentifier>
    </Filter>
    <Filter Include="Header Files">
      <UniqueIdentifier>{66ba92d7-0828-4fe9-9d81-e6f572757744}</UniqueIdentifier>
    </Filter>
    <Filter Include="Interface Files">
      <UniqueIdentifier>{ff9663f0-c962-48d5-9aa5-f88ded28a4db}</UniqueIdentifier>
    </Filter>
  </ItemGroup>
</Project>