<?xml version="1.0" encoding="utf-8"?>
<Project ToolsVersion="4.0" xmlns="http://schemas.microsoft.com/developer/msbuild/2003">
  <ItemGroup>
    <ClCompile Include="Population.cpp">
      <Filter>Source Files</Filter>
    </ClCompile>
    <ClCompile Include="entrypoints.cpp" />
    <ClCompile Include="Render.cpp">
      <Filter>Source Files</Filter>
    </ClCompile>
    <ClCompile Include="Engine.cpp">
      <Filter>Source Files</Filter>
    </ClCompile>
    <ClCompile Include="Material.cpp">
      <Filter>Source Files</Filter>
    </ClCompile>
    <ClCompile Include="Shader.cpp">
      <Filter>Source Files</Filter>
    </ClCompile>
    <ClCompile Include="Plugin.cpp">
      <Filter>Source Files</Filter>
    </ClCompile>
    <ClCompile Include="Resources.cpp">
      <Filter>Source Files</Filter>
    </ClCompile>
  </ItemGroup>
  <ItemGroup>
    <ClInclude Include="resource.h" />
    <ClInclude Include="GEK\Engine\ComponentMixin.h">
      <Filter>Header Files</Filter>
    </ClInclude>
    <ClInclude Include="GEK\Engine\Engine.h">
      <Filter>Header Files</Filter>
    </ClInclude>
    <ClInclude Include="GEK\Engine\Entity.h">
      <Filter>Header Files</Filter>
    </ClInclude>
    <ClInclude Include="GEK\Engine\Material.h">
      <Filter>Header Files</Filter>
    </ClInclude>
    <ClInclude Include="GEK\Engine\Plugin.h">
      <Filter>Header Files</Filter>
    </ClInclude>
    <ClInclude Include="GEK\Engine\Population.h">
      <Filter>Header Files</Filter>
    </ClInclude>
    <ClInclude Include="GEK\Engine\Processor.h">
      <Filter>Header Files</Filter>
    </ClInclude>
    <ClInclude Include="GEK\Engine\Render.h">
      <Filter>Header Files</Filter>
    </ClInclude>
    <ClInclude Include="GEK\Engine\Shader.h">
      <Filter>Header Files</Filter>
    </ClInclude>
    <ClInclude Include="GEK\Engine\Action.h">
      <Filter>Header Files</Filter>
    </ClInclude>
    <ClInclude Include="GEK\Engine\Component.h">
      <Filter>Header Files</Filter>
    </ClInclude>
    <ClInclude Include="GEK\Engine\Resources.h">
      <Filter>Header Files</Filter>
    </ClInclude>
    <ClInclude Include="GEK\Engine\Options.h">
      <Filter>Header Files</Filter>
    </ClInclude>
  </ItemGroup>
  <ItemGroup>
    <ResourceCompile Include="..\..\solution\gekengine.rc" />
    <ResourceCompile Include="resources.rc" />
  </ItemGroup>
  <ItemGroup>
    <Filter Include="Source Files">
      <UniqueIdentifier>{71b0140f-1839-4f39-a96d-31b67a9529db}</UniqueIdentifier>
    </Filter>
    <Filter Include="Header Files">
      <UniqueIdentifier>{66ba92d7-0828-4fe9-9d81-e6f572757744}</UniqueIdentifier>
    </Filter>
  </ItemGroup>
</Project>