
Microsoft Visual Studio Solution File, Format Version 12.00
# Visual Studio 2013
VisualStudioVersion = 12.0.30723.0
MinimumVisualStudioVersion = 10.0.40219.1
Project("{8BC9CEB8-8B4A-11D0-8D11-00A0C91BC942}") = "math", "..\libraries\math\math.vcxproj", "{80C85026-E106-47BF-91FA-43220B44141B}"
EndProject
Project("{8BC9CEB8-8B4A-11D0-8D11-00A0C91BC942}") = "utility", "..\libraries\utility\utility.vcxproj", "{BE4F1E7F-E045-4D30-AED6-02A60C83BD97}"
EndProject
Project("{2150E333-8FDC-42A3-9474-1A3956D46DE8}") = "Applications", "Applications", "{0804103F-967E-4D50-A657-99A350E0937C}"
EndProject
Project("{2150E333-8FDC-42A3-9474-1A3956D46DE8}") = "Libraries", "Libraries", "{92314300-2CD5-4C87-923C-06D0BFD0135D}"
EndProject
Project("{8BC9CEB8-8B4A-11D0-8D11-00A0C91BC942}") = "context", "..\libraries\context\context.vcxproj", "{E4015F2B-C176-414F-8733-1C2D88EF3FB5}"
EndProject
Project("{2150E333-8FDC-42A3-9474-1A3956D46DE8}") = "Plugins", "Plugins", "{AC11844F-2CAD-41FC-81EB-A4E330694748}"
EndProject
Project("{8BC9CEB8-8B4A-11D0-8D11-00A0C91BC942}") = "engine", "..\plugins\engine\engine.vcxproj", "{481AE6AD-79B2-44D3-B737-FB7E3494FE5A}"
EndProject
Project("{8BC9CEB8-8B4A-11D0-8D11-00A0C91BC942}") = "system", "..\plugins\system\system.vcxproj", "{8A1E9F91-5131-4B97-93F2-FAA6B1EA9220}"
EndProject
Project("{8BC9CEB8-8B4A-11D0-8D11-00A0C91BC942}") = "components", "..\plugins\components\components.vcxproj", "{215A87CB-0AEA-4823-BFC0-56F30CB4C077}"
EndProject
Project("{8BC9CEB8-8B4A-11D0-8D11-00A0C91BC942}") = "demo", "..\applications\demo\demo.vcxproj", "{E397CE77-7FAB-470F-B2FC-32FAD6A9721B}"
EndProject
Project("{8BC9CEB8-8B4A-11D0-8D11-00A0C91BC942}") = "optimizer", "..\applications\optimizer\optimizer.vcxproj", "{CD1F62C9-8032-40A9-9749-594249AEE5E9}"
EndProject
Project("{8BC9CEB8-8B4A-11D0-8D11-00A0C91BC942}") = "model", "..\plugins\model\model.vcxproj", "{D703B82C-12A3-499D-92D7-B22A27C72625}"
EndProject
Project("{8BC9CEB8-8B4A-11D0-8D11-00A0C91BC942}") = "sprite", "..\plugins\sprite\sprite.vcxproj", "{894BC8E4-A490-4DC6-94D3-3D134788E209}"
EndProject
Project("{8BC9CEB8-8B4A-11D0-8D11-00A0C91BC942}") = "shape", "..\libraries\shape\shape.vcxproj", "{4EBFE6D0-93E4-436B-9249-19EE13E7CF0B}"
EndProject
Project("{8BC9CEB8-8B4A-11D0-8D11-00A0C91BC942}") = "DirectXTex", "..\external\DirectXTex\DirectXTex_Desktop_2013.vcxproj", "{371B9FA9-4C90-4AC6-A123-ACED756D6C77}"
EndProject
Global
	GlobalSection(SolutionConfigurationPlatforms) = preSolution
		Debug|Win32 = Debug|Win32
		Debug|x64 = Debug|x64
		Profile|Win32 = Profile|Win32
		Profile|x64 = Profile|x64
		Release|Win32 = Release|Win32
		Release|x64 = Release|x64
	EndGlobalSection
	GlobalSection(ProjectConfigurationPlatforms) = postSolution
		{80C85026-E106-47BF-91FA-43220B44141B}.Debug|Win32.ActiveCfg = Debug|Win32
		{80C85026-E106-47BF-91FA-43220B44141B}.Debug|Win32.Build.0 = Debug|Win32
		{80C85026-E106-47BF-91FA-43220B44141B}.Debug|x64.ActiveCfg = Debug|Win32
		{80C85026-E106-47BF-91FA-43220B44141B}.Profile|Win32.ActiveCfg = Release|Win32
		{80C85026-E106-47BF-91FA-43220B44141B}.Profile|Win32.Build.0 = Release|Win32
		{80C85026-E106-47BF-91FA-43220B44141B}.Profile|x64.ActiveCfg = Release|Win32
		{80C85026-E106-47BF-91FA-43220B44141B}.Release|Win32.ActiveCfg = Release|Win32
		{80C85026-E106-47BF-91FA-43220B44141B}.Release|Win32.Build.0 = Release|Win32
		{80C85026-E106-47BF-91FA-43220B44141B}.Release|x64.ActiveCfg = Release|Win32
		{BE4F1E7F-E045-4D30-AED6-02A60C83BD97}.Debug|Win32.ActiveCfg = Debug|Win32
		{BE4F1E7F-E045-4D30-AED6-02A60C83BD97}.Debug|Win32.Build.0 = Debug|Win32
		{BE4F1E7F-E045-4D30-AED6-02A60C83BD97}.Debug|x64.ActiveCfg = Debug|Win32
		{BE4F1E7F-E045-4D30-AED6-02A60C83BD97}.Profile|Win32.ActiveCfg = Release|Win32
		{BE4F1E7F-E045-4D30-AED6-02A60C83BD97}.Profile|Win32.Build.0 = Release|Win32
		{BE4F1E7F-E045-4D30-AED6-02A60C83BD97}.Profile|x64.ActiveCfg = Release|Win32
		{BE4F1E7F-E045-4D30-AED6-02A60C83BD97}.Release|Win32.ActiveCfg = Release|Win32
		{BE4F1E7F-E045-4D30-AED6-02A60C83BD97}.Release|Win32.Build.0 = Release|Win32
		{BE4F1E7F-E045-4D30-AED6-02A60C83BD97}.Release|x64.ActiveCfg = Release|Win32
		{E4015F2B-C176-414F-8733-1C2D88EF3FB5}.Debug|Win32.ActiveCfg = Debug|Win32
		{E4015F2B-C176-414F-8733-1C2D88EF3FB5}.Debug|Win32.Build.0 = Debug|Win32
		{E4015F2B-C176-414F-8733-1C2D88EF3FB5}.Debug|x64.ActiveCfg = Debug|Win32
		{E4015F2B-C176-414F-8733-1C2D88EF3FB5}.Profile|Win32.ActiveCfg = Release|Win32
		{E4015F2B-C176-414F-8733-1C2D88EF3FB5}.Profile|Win32.Build.0 = Release|Win32
		{E4015F2B-C176-414F-8733-1C2D88EF3FB5}.Profile|x64.ActiveCfg = Release|Win32
		{E4015F2B-C176-414F-8733-1C2D88EF3FB5}.Release|Win32.ActiveCfg = Release|Win32
		{E4015F2B-C176-414F-8733-1C2D88EF3FB5}.Release|Win32.Build.0 = Release|Win32
		{E4015F2B-C176-414F-8733-1C2D88EF3FB5}.Release|x64.ActiveCfg = Release|Win32
		{481AE6AD-79B2-44D3-B737-FB7E3494FE5A}.Debug|Win32.ActiveCfg = Debug|Win32
		{481AE6AD-79B2-44D3-B737-FB7E3494FE5A}.Debug|Win32.Build.0 = Debug|Win32
		{481AE6AD-79B2-44D3-B737-FB7E3494FE5A}.Debug|x64.ActiveCfg = Debug|Win32
		{481AE6AD-79B2-44D3-B737-FB7E3494FE5A}.Profile|Win32.ActiveCfg = Release|Win32
		{481AE6AD-79B2-44D3-B737-FB7E3494FE5A}.Profile|Win32.Build.0 = Release|Win32
		{481AE6AD-79B2-44D3-B737-FB7E3494FE5A}.Profile|x64.ActiveCfg = Release|Win32
		{481AE6AD-79B2-44D3-B737-FB7E3494FE5A}.Release|Win32.ActiveCfg = Release|Win32
		{481AE6AD-79B2-44D3-B737-FB7E3494FE5A}.Release|Win32.Build.0 = Release|Win32
		{481AE6AD-79B2-44D3-B737-FB7E3494FE5A}.Release|x64.ActiveCfg = Release|Win32
		{8A1E9F91-5131-4B97-93F2-FAA6B1EA9220}.Debug|Win32.ActiveCfg = Debug|Win32
		{8A1E9F91-5131-4B97-93F2-FAA6B1EA9220}.Debug|Win32.Build.0 = Debug|Win32
		{8A1E9F91-5131-4B97-93F2-FAA6B1EA9220}.Debug|x64.ActiveCfg = Debug|Win32
		{8A1E9F91-5131-4B97-93F2-FAA6B1EA9220}.Profile|Win32.ActiveCfg = Release|Win32
		{8A1E9F91-5131-4B97-93F2-FAA6B1EA9220}.Profile|Win32.Build.0 = Release|Win32
		{8A1E9F91-5131-4B97-93F2-FAA6B1EA9220}.Profile|x64.ActiveCfg = Release|Win32
		{8A1E9F91-5131-4B97-93F2-FAA6B1EA9220}.Release|Win32.ActiveCfg = Release|Win32
		{8A1E9F91-5131-4B97-93F2-FAA6B1EA9220}.Release|Win32.Build.0 = Release|Win32
		{8A1E9F91-5131-4B97-93F2-FAA6B1EA9220}.Release|x64.ActiveCfg = Release|Win32
		{215A87CB-0AEA-4823-BFC0-56F30CB4C077}.Debug|Win32.ActiveCfg = Debug|Win32
		{215A87CB-0AEA-4823-BFC0-56F30CB4C077}.Debug|Win32.Build.0 = Debug|Win32
		{215A87CB-0AEA-4823-BFC0-56F30CB4C077}.Debug|x64.ActiveCfg = Debug|Win32
		{215A87CB-0AEA-4823-BFC0-56F30CB4C077}.Profile|Win32.ActiveCfg = Release|Win32
		{215A87CB-0AEA-4823-BFC0-56F30CB4C077}.Profile|Win32.Build.0 = Release|Win32
		{215A87CB-0AEA-4823-BFC0-56F30CB4C077}.Profile|x64.ActiveCfg = Release|Win32
		{215A87CB-0AEA-4823-BFC0-56F30CB4C077}.Release|Win32.ActiveCfg = Release|Win32
		{215A87CB-0AEA-4823-BFC0-56F30CB4C077}.Release|Win32.Build.0 = Release|Win32
		{215A87CB-0AEA-4823-BFC0-56F30CB4C077}.Release|x64.ActiveCfg = Release|Win32
		{E397CE77-7FAB-470F-B2FC-32FAD6A9721B}.Debug|Win32.ActiveCfg = Debug|Win32
		{E397CE77-7FAB-470F-B2FC-32FAD6A9721B}.Debug|Win32.Build.0 = Debug|Win32
		{E397CE77-7FAB-470F-B2FC-32FAD6A9721B}.Debug|x64.ActiveCfg = Debug|Win32
		{E397CE77-7FAB-470F-B2FC-32FAD6A9721B}.Profile|Win32.ActiveCfg = Release|Win32
		{E397CE77-7FAB-470F-B2FC-32FAD6A9721B}.Profile|Win32.Build.0 = Release|Win32
		{E397CE77-7FAB-470F-B2FC-32FAD6A9721B}.Profile|x64.ActiveCfg = Release|Win32
		{E397CE77-7FAB-470F-B2FC-32FAD6A9721B}.Release|Win32.ActiveCfg = Release|Win32
		{E397CE77-7FAB-470F-B2FC-32FAD6A9721B}.Release|Win32.Build.0 = Release|Win32
		{E397CE77-7FAB-470F-B2FC-32FAD6A9721B}.Release|x64.ActiveCfg = Release|Win32
		{CD1F62C9-8032-40A9-9749-594249AEE5E9}.Debug|Win32.ActiveCfg = Debug|Win32
		{CD1F62C9-8032-40A9-9749-594249AEE5E9}.Debug|Win32.Build.0 = Debug|Win32
		{CD1F62C9-8032-40A9-9749-594249AEE5E9}.Debug|x64.ActiveCfg = Debug|Win32
		{CD1F62C9-8032-40A9-9749-594249AEE5E9}.Profile|Win32.ActiveCfg = Release|Win32
		{CD1F62C9-8032-40A9-9749-594249AEE5E9}.Profile|Win32.Build.0 = Release|Win32
		{CD1F62C9-8032-40A9-9749-594249AEE5E9}.Profile|x64.ActiveCfg = Release|Win32
		{CD1F62C9-8032-40A9-9749-594249AEE5E9}.Release|Win32.ActiveCfg = Release|Win32
		{CD1F62C9-8032-40A9-9749-594249AEE5E9}.Release|Win32.Build.0 = Release|Win32
		{CD1F62C9-8032-40A9-9749-594249AEE5E9}.Release|x64.ActiveCfg = Release|Win32
		{D703B82C-12A3-499D-92D7-B22A27C72625}.Debug|Win32.ActiveCfg = Debug|Win32
		{D703B82C-12A3-499D-92D7-B22A27C72625}.Debug|Win32.Build.0 = Debug|Win32
		{D703B82C-12A3-499D-92D7-B22A27C72625}.Debug|x64.ActiveCfg = Debug|Win32
		{D703B82C-12A3-499D-92D7-B22A27C72625}.Profile|Win32.ActiveCfg = Release|Win32
		{D703B82C-12A3-499D-92D7-B22A27C72625}.Profile|Win32.Build.0 = Release|Win32
		{D703B82C-12A3-499D-92D7-B22A27C72625}.Profile|x64.ActiveCfg = Release|Win32
		{D703B82C-12A3-499D-92D7-B22A27C72625}.Release|Win32.ActiveCfg = Release|Win32
		{D703B82C-12A3-499D-92D7-B22A27C72625}.Release|Win32.Build.0 = Release|Win32
		{D703B82C-12A3-499D-92D7-B22A27C72625}.Release|x64.ActiveCfg = Release|Win32
		{894BC8E4-A490-4DC6-94D3-3D134788E209}.Debug|Win32.ActiveCfg = Debug|Win32
		{894BC8E4-A490-4DC6-94D3-3D134788E209}.Debug|Win32.Build.0 = Debug|Win32
		{894BC8E4-A490-4DC6-94D3-3D134788E209}.Debug|x64.ActiveCfg = Debug|Win32
		{894BC8E4-A490-4DC6-94D3-3D134788E209}.Profile|Win32.ActiveCfg = Release|Win32
		{894BC8E4-A490-4DC6-94D3-3D134788E209}.Profile|Win32.Build.0 = Release|Win32
		{894BC8E4-A490-4DC6-94D3-3D134788E209}.Profile|x64.ActiveCfg = Release|Win32
		{894BC8E4-A490-4DC6-94D3-3D134788E209}.Release|Win32.ActiveCfg = Release|Win32
		{894BC8E4-A490-4DC6-94D3-3D134788E209}.Release|Win32.Build.0 = Release|Win32
		{894BC8E4-A490-4DC6-94D3-3D134788E209}.Release|x64.ActiveCfg = Release|Win32
		{4EBFE6D0-93E4-436B-9249-19EE13E7CF0B}.Debug|Win32.ActiveCfg = Debug|Win32
		{4EBFE6D0-93E4-436B-9249-19EE13E7CF0B}.Debug|Win32.Build.0 = Debug|Win32
		{4EBFE6D0-93E4-436B-9249-19EE13E7CF0B}.Debug|x64.ActiveCfg = Debug|Win32
		{4EBFE6D0-93E4-436B-9249-19EE13E7CF0B}.Profile|Win32.ActiveCfg = Release|Win32
		{4EBFE6D0-93E4-436B-9249-19EE13E7CF0B}.Profile|Win32.Build.0 = Release|Win32
		{4EBFE6D0-93E4-436B-9249-19EE13E7CF0B}.Profile|x64.ActiveCfg = Release|Win32
		{4EBFE6D0-93E4-436B-9249-19EE13E7CF0B}.Release|Win32.ActiveCfg = Release|Win32
		{4EBFE6D0-93E4-436B-9249-19EE13E7CF0B}.Release|Win32.Build.0 = Release|Win32
		{4EBFE6D0-93E4-436B-9249-19EE13E7CF0B}.Release|x64.ActiveCfg = Release|Win32
		{371B9FA9-4C90-4AC6-A123-ACED756D6C77}.Debug|Win32.ActiveCfg = Debug|Win32
		{371B9FA9-4C90-4AC6-A123-ACED756D6C77}.Debug|Win32.Build.0 = Debug|Win32
		{371B9FA9-4C90-4AC6-A123-ACED756D6C77}.Debug|x64.ActiveCfg = Debug|x64
		{371B9FA9-4C90-4AC6-A123-ACED756D6C77}.Debug|x64.Build.0 = Debug|x64
		{371B9FA9-4C90-4AC6-A123-ACED756D6C77}.Profile|Win32.ActiveCfg = Profile|Win32
		{371B9FA9-4C90-4AC6-A123-ACED756D6C77}.Profile|Win32.Build.0 = Profile|Win32
		{371B9FA9-4C90-4AC6-A123-ACED756D6C77}.Profile|x64.ActiveCfg = Profile|x64
		{371B9FA9-4C90-4AC6-A123-ACED756D6C77}.Profile|x64.Build.0 = Profile|x64
		{371B9FA9-4C90-4AC6-A123-ACED756D6C77}.Release|Win32.ActiveCfg = Release|Win32
		{371B9FA9-4C90-4AC6-A123-ACED756D6C77}.Release|Win32.Build.0 = Release|Win32
		{371B9FA9-4C90-4AC6-A123-ACED756D6C77}.Release|x64.ActiveCfg = Release|x64
		{371B9FA9-4C90-4AC6-A123-ACED756D6C77}.Release|x64.Build.0 = Release|x64
	EndGlobalSection
	GlobalSection(SolutionProperties) = preSolution
		HideSolutionNode = FALSE
	EndGlobalSection
	GlobalSection(NestedProjects) = preSolution
		{80C85026-E106-47BF-91FA-43220B44141B} = {92314300-2CD5-4C87-923C-06D0BFD0135D}
		{BE4F1E7F-E045-4D30-AED6-02A60C83BD97} = {92314300-2CD5-4C87-923C-06D0BFD0135D}
		{E4015F2B-C176-414F-8733-1C2D88EF3FB5} = {92314300-2CD5-4C87-923C-06D0BFD0135D}
		{481AE6AD-79B2-44D3-B737-FB7E3494FE5A} = {AC11844F-2CAD-41FC-81EB-A4E330694748}
		{8A1E9F91-5131-4B97-93F2-FAA6B1EA9220} = {AC11844F-2CAD-41FC-81EB-A4E330694748}
		{215A87CB-0AEA-4823-BFC0-56F30CB4C077} = {AC11844F-2CAD-41FC-81EB-A4E330694748}
		{E397CE77-7FAB-470F-B2FC-32FAD6A9721B} = {0804103F-967E-4D50-A657-99A350E0937C}
		{CD1F62C9-8032-40A9-9749-594249AEE5E9} = {0804103F-967E-4D50-A657-99A350E0937C}
		{D703B82C-12A3-499D-92D7-B22A27C72625} = {AC11844F-2CAD-41FC-81EB-A4E330694748}
		{894BC8E4-A490-4DC6-94D3-3D134788E209} = {AC11844F-2CAD-41FC-81EB-A4E330694748}
		{4EBFE6D0-93E4-436B-9249-19EE13E7CF0B} = {92314300-2CD5-4C87-923C-06D0BFD0135D}
		{371B9FA9-4C90-4AC6-A123-ACED756D6C77} = {92314300-2CD5-4C87-923C-06D0BFD0135D}
	EndGlobalSection
EndGlobal
