<?xml version="1.0" encoding="utf-8"?>
<Project ToolsVersion="4.0" xmlns="http://schemas.microsoft.com/developer/msbuild/2003">
  <ItemGroup>
    <ClInclude Include="GEKContext.h" />
    <ClInclude Include="Include\CGEKContext.h">
      <Filter>Header Files</Filter>
    </ClInclude>
    <ClInclude Include="Public\IGEKContext.h">
      <Filter>Public Files</Filter>
    </ClInclude>
    <ClInclude Include="Public\IGEKUnknown.h">
      <Filter>Public Files</Filter>
    </ClInclude>
    <ClInclude Include="Public\IGEKObservable.h">
      <Filter>Public Files</Filter>
    </ClInclude>
  </ItemGroup>
  <ItemGroup>
    <Filter Include="Source Files">
      <UniqueIdentifier>{c8cd0529-e246-4837-b818-94e005930283}</UniqueIdentifier>
    </Filter>
    <Filter Include="Header Files">
      <UniqueIdentifier>{09a6d08b-259f-4180-9796-032fa0191da2}</UniqueIdentifier>
    </Filter>
    <Filter Include="Public Files">
      <UniqueIdentifier>{87a6406d-1d60-4f35-930c-2dd2e1b45956}</UniqueIdentifier>
    </Filter>
  </ItemGroup>
  <ItemGroup>
    <ClCompile Include="Source\CGEKContext.cpp">
      <Filter>Source Files</Filter>
    </ClCompile>
  </ItemGroup>
</Project>