<?xml version="1.0" encoding="utf-8"?>
<Project ToolsVersion="4.0" xmlns="http://schemas.microsoft.com/developer/msbuild/2003">
  <ItemGroup>
    <Filter Include="Source Files">
      <UniqueIdentifier>{c8cd0529-e246-4837-b818-94e005930283}</UniqueIdentifier>
    </Filter>
    <Filter Include="Header Files">
      <UniqueIdentifier>{09a6d08b-259f-4180-9796-032fa0191da2}</UniqueIdentifier>
    </Filter>
  </ItemGroup>
  <ItemGroup>
    <ClCompile Include="ObservableMixin.cpp">
      <Filter>Source Files</Filter>
    </ClCompile>
    <ClCompile Include="Context.cpp">
      <Filter>Source Files</Filter>
    </ClCompile>
  </ItemGroup>
  <ItemGroup>
    <ClInclude Include="GEK\Context\Observable.h">
      <Filter>Header Files</Filter>
    </ClInclude>
    <ClInclude Include="GEK\Context\ObservableMixin.h">
      <Filter>Header Files</Filter>
    </ClInclude>
    <ClInclude Include="GEK\Context\Context.h">
      <Filter>Header Files</Filter>
    </ClInclude>
    <ClInclude Include="GEK\Context\ContextUser.h">
      <Filter>Header Files</Filter>
    </ClInclude>
    <ClInclude Include="..\utility\GEK\Utility\Allocator.h">
      <Filter>Header Files</Filter>
    </ClInclude>
  </ItemGroup>
</Project>