<?xml version="1.0" encoding="utf-8"?>
<Project ToolsVersion="4.0" xmlns="http://schemas.microsoft.com/developer/msbuild/2003">
  <ItemGroup>
    <Filter Include="Source Files">
      <UniqueIdentifier>{52773c74-2baa-4d60-a956-a920945ef4a1}</UniqueIdentifier>
    </Filter>
    <Filter Include="Header Files">
      <UniqueIdentifier>{fbb70455-e634-4fbe-8868-89608db73798}</UniqueIdentifier>
    </Filter>
    <Filter Include="ImGui">
      <UniqueIdentifier>{10a7c0d7-0929-415d-9eb5-55c4140eec88}</UniqueIdentifier>
    </Filter>
    <Filter Include="ImGui\ImGuizmo">
      <UniqueIdentifier>{e33dac54-0d28-443b-aa83-c99ebdc4cd35}</UniqueIdentifier>
    </Filter>
    <Filter Include="ImGui\Base">
      <UniqueIdentifier>{6dea4d9a-ce3e-4b6b-b31b-882b33011b3f}</UniqueIdentifier>
    </Filter>
  </ItemGroup>
  <ItemGroup>
    <ClCompile Include="Timer.cpp">
      <Filter>Source Files</Filter>
    </ClCompile>
    <ClCompile Include="XML.cpp">
      <Filter>Source Files</Filter>
    </ClCompile>
    <ClCompile Include="FileSystem.cpp">
      <Filter>Source Files</Filter>
    </ClCompile>
    <ClCompile Include="ShuntingYard.cpp">
      <Filter>Source Files</Filter>
    </ClCompile>
    <ClCompile Include="ThreadPool.cpp">
      <Filter>Source Files</Filter>
    </ClCompile>
    <ClCompile Include="Evaluator.cpp">
      <Filter>Source Files</Filter>
    </ClCompile>
    <ClCompile Include="..\..\external\ImGuizmo\ImGuizmo.cpp">
      <Filter>ImGui\ImGuizmo</Filter>
    </ClCompile>
    <ClCompile Include="..\..\external\imgui\imgui_demo.cpp">
      <Filter>ImGui\Base</Filter>
    </ClCompile>
    <ClCompile Include="..\..\external\imgui\imgui_draw.cpp">
      <Filter>ImGui\Base</Filter>
    </ClCompile>
    <ClCompile Include="..\..\external\imgui\imgui.cpp">
      <Filter>ImGui\Base</Filter>
    </ClCompile>
  </ItemGroup>
  <ItemGroup>
    <ClInclude Include="GEK\Utility\Timer.h">
      <Filter>Header Files</Filter>
    </ClInclude>
    <ClInclude Include="GEK\Utility\XML.h">
      <Filter>Header Files</Filter>
    </ClInclude>
    <ClInclude Include="GEK\Utility\Evaluator.h">
      <Filter>Header Files</Filter>
    </ClInclude>
    <ClInclude Include="GEK\Utility\FileSystem.h">
      <Filter>Header Files</Filter>
    </ClInclude>
    <ClInclude Include="GEK\Utility\String.h">
      <Filter>Header Files</Filter>
    </ClInclude>
    <ClInclude Include="GEK\Utility\Hash.h">
      <Filter>Header Files</Filter>
    </ClInclude>
    <ClInclude Include="GEK\Utility\Allocator.h">
      <Filter>Header Files</Filter>
    </ClInclude>
    <ClInclude Include="GEK\Utility\ShuntingYard.h">
      <Filter>Header Files</Filter>
    </ClInclude>
    <ClInclude Include="GEK\Utility\Exceptions.h">
      <Filter>Header Files</Filter>
    </ClInclude>
    <ClInclude Include="GEK\Utility\ThreadPool.h">
      <Filter>Header Files</Filter>
    </ClInclude>
    <ClInclude Include="..\..\external\ImGuizmo\ImGuizmo.h">
      <Filter>ImGui\ImGuizmo</Filter>
    </ClInclude>
    <ClInclude Include="..\..\external\imgui\imgui_internal.h">
      <Filter>ImGui\Base</Filter>
    </ClInclude>
    <ClInclude Include="..\..\external\imgui\imconfig.h">
      <Filter>ImGui\Base</Filter>
    </ClInclude>
    <ClInclude Include="..\..\external\imgui\imgui.h">
      <Filter>ImGui\Base</Filter>
    </ClInclude>
  </ItemGroup>
</Project>