<?xml version="1.0" encoding="utf-8"?>
<Project ToolsVersion="4.0" xmlns="http://schemas.microsoft.com/developer/msbuild/2003">
  <ItemGroup>
    <Filter Include="Header Files">
      <UniqueIdentifier>{1001397c-78bd-45f8-90d8-ca1bd84a4a19}</UniqueIdentifier>
    </Filter>
    <Filter Include="Source Files">
      <UniqueIdentifier>{dbbe75fd-d0dc-46a0-9e2b-248a58bd112a}</UniqueIdentifier>
    </Filter>
    <Filter Include="API Files">
      <UniqueIdentifier>{ace7e109-320b-4a23-906b-a5346117e745}</UniqueIdentifier>
    </Filter>
  </ItemGroup>
  <ItemGroup>
    <ClCompile Include="Source\CGEKComponentNewton.cpp">
      <Filter>Source Files</Filter>
    </ClCompile>
    <ClCompile Include="entrypoints.cpp" />
  </ItemGroup>
  <ItemGroup>
    <ClInclude Include="Include\CGEKComponentNewton.h">
      <Filter>Header Files</Filter>
    </ClInclude>
    <ClInclude Include="..\..\api\IGEKRenderManager.h">
      <Filter>API Files</Filter>
    </ClInclude>
    <ClInclude Include="..\..\api\IGEKSceneManager.h">
      <Filter>API Files</Filter>
    </ClInclude>
    <ClInclude Include="..\..\api\GEKAPI.h">
      <Filter>API Files</Filter>
    </ClInclude>
    <ClInclude Include="..\..\api\GEKAPICLSIDs.h">
      <Filter>API Files</Filter>
    </ClInclude>
    <ClInclude Include="..\..\api\GEKVALUE.h">
      <Filter>API Files</Filter>
    </ClInclude>
    <ClInclude Include="..\..\api\IGEKComponent.h">
      <Filter>API Files</Filter>
    </ClInclude>
    <ClInclude Include="..\..\api\IGEKInputManager.h">
      <Filter>API Files</Filter>
    </ClInclude>
    <ClInclude Include="..\..\api\IGEKMaterialManager.h">
      <Filter>API Files</Filter>
    </ClInclude>
    <ClInclude Include="..\..\api\IGEKProgramManager.h">
      <Filter>API Files</Filter>
    </ClInclude>
    <ClInclude Include="GEKNewton.h" />
    <ClInclude Include="GEKNewtonCLSIDs.h" />
  </ItemGroup>
  <ItemGroup>
    <ResourceCompile Include="..\..\solution\gekengine.rc" />
  </ItemGroup>
</Project>