<?xml version="1.0" encoding="utf-8"?>
<Project ToolsVersion="4.0" xmlns="http://schemas.microsoft.com/developer/msbuild/2003">
  <ItemGroup>
    <Filter Include="Header Files">
      <UniqueIdentifier>{ea999d33-a37e-45fe-9875-369b68a8d1f9}</UniqueIdentifier>
    </Filter>
    <Filter Include="Source Files">
      <UniqueIdentifier>{9370ea60-63c0-4e78-9747-19b81c30a9df}</UniqueIdentifier>
    </Filter>
  </ItemGroup>
  <ItemGroup>
    <ClInclude Include="GEK\Shape\AlignedBox.h">
      <Filter>Header Files</Filter>
    </ClInclude>
    <ClInclude Include="GEK\Shape\Frustum.h">
      <Filter>Header Files</Filter>
    </ClInclude>
    <ClInclude Include="GEK\Shape\OrientedBox.h">
      <Filter>Header Files</Filter>
    </ClInclude>
    <ClInclude Include="GEK\Shape\Plane.h">
      <Filter>Header Files</Filter>
    </ClInclude>
    <ClInclude Include="GEK\Shape\Ray.h">
      <Filter>Header Files</Filter>
    </ClInclude>
    <ClInclude Include="GEK\Shape\Sphere.h">
      <Filter>Header Files</Filter>
    </ClInclude>
    <ClInclude Include="GEK\Shape\Rectangle.h">
      <Filter>Header Files</Filter>
    </ClInclude>
  </ItemGroup>
  <ItemGroup>
    <ClCompile Include="Plane.cpp">
      <Filter>Source Files</Filter>
    </ClCompile>
    <ClCompile Include="Ray.cpp">
      <Filter>Source Files</Filter>
    </ClCompile>
    <ClCompile Include="Sphere.cpp">
      <Filter>Source Files</Filter>
    </ClCompile>
    <ClCompile Include="AlignedBox.cpp">
      <Filter>Source Files</Filter>
    </ClCompile>
    <ClCompile Include="Frustum.cpp">
      <Filter>Source Files</Filter>
    </ClCompile>
    <ClCompile Include="OrientedBox.cpp">
      <Filter>Source Files</Filter>
    </ClCompile>
  </ItemGroup>
</Project>