<?xml version="1.0" encoding="utf-8"?>
<Project ToolsVersion="4.0" xmlns="http://schemas.microsoft.com/developer/msbuild/2003">
  <ItemGroup>
    <ClCompile Include="Source\CGEKAudioSystem.cpp">
      <Filter>Source Files</Filter>
    </ClCompile>
    <ClCompile Include="Source\CGEKInputSystem.cpp">
      <Filter>Source Files</Filter>
    </ClCompile>
    <ClCompile Include="Source\CGEKSystem.cpp">
      <Filter>Source Files</Filter>
    </ClCompile>
    <ClCompile Include="Source\CGEKVideoSystem.cpp">
      <Filter>Source Files</Filter>
    </ClCompile>
    <ClCompile Include="entrypoints.cpp" />
  </ItemGroup>
  <ItemGroup>
    <ClInclude Include="GEKSystem.h" />
    <ClInclude Include="GEKSystemCLSIDs.h" />
    <ClInclude Include="Include\CGEKAudioSystem.h">
      <Filter>Header Files</Filter>
    </ClInclude>
    <ClInclude Include="Include\CGEKInputSystem.h">
      <Filter>Header Files</Filter>
    </ClInclude>
    <ClInclude Include="Include\CGEKSystem.h">
      <Filter>Header Files</Filter>
    </ClInclude>
    <ClInclude Include="Include\CGEKVideoSystem.h">
      <Filter>Header Files</Filter>
    </ClInclude>
    <ClInclude Include="Public\IGEKAudioSystem.h">
      <Filter>Interface Files</Filter>
    </ClInclude>
    <ClInclude Include="Public\IGEKInputSystem.h">
      <Filter>Interface Files</Filter>
    </ClInclude>
    <ClInclude Include="Public\IGEKSystem.h">
      <Filter>Interface Files</Filter>
    </ClInclude>
    <ClInclude Include="Public\IGEKVideoSystem.h">
      <Filter>Interface Files</Filter>
    </ClInclude>
  </ItemGroup>
  <ItemGroup>
    <ResourceCompile Include="..\..\solution\gekengine.rc" />
  </ItemGroup>
  <ItemGroup>
    <Filter Include="Header Files">
      <UniqueIdentifier>{c551b74d-52a5-4f80-90cc-ceac37b4a3ad}</UniqueIdentifier>
    </Filter>
    <Filter Include="Interface Files">
      <UniqueIdentifier>{0631f247-6c0f-40b5-8d6f-f69a5d701647}</UniqueIdentifier>
    </Filter>
    <Filter Include="Source Files">
      <UniqueIdentifier>{0342dbe3-8582-46b6-a8c8-1e34c2b6a33d}</UniqueIdentifier>
    </Filter>
  </ItemGroup>
</Project>